
Microsoft Visual Studio Solution File, Format Version 12.00
# Visual Studio Version 17
VisualStudioVersion = 17.11.35222.181
MinimumVisualStudioVersion = 10.0.40219.1
Project("{FAE04EC0-301F-11D3-BF4B-00C04F79EFBC}") = "Gyakorlo_feladatok", "Gyakorlo_feladatok\Gyakorlo_feladatok.csproj", "{4F6067EA-996D-4D96-B94D-2AA3CD0E3842}"
EndProject
Project("{FAE04EC0-301F-11D3-BF4B-00C04F79EFBC}") = "NagyobbSzam", "NagyobbSzam\NagyobbSzam.csproj", "{495E80A6-71A6-4C5B-8ED1-EFC57F74E5FD}"
EndProject
Project("{FAE04EC0-301F-11D3-BF4B-00C04F79EFBC}") = "SpaceShip", "SpaceShip\SpaceShip.csproj", "{2120AB9C-8D29-4512-9678-69C7DFF3BFCC}"
EndProject
Global
	GlobalSection(SolutionConfigurationPlatforms) = preSolution
		Debug|Any CPU = Debug|Any CPU
		Release|Any CPU = Release|Any CPU
	EndGlobalSection
	GlobalSection(ProjectConfigurationPlatforms) = postSolution
		{4F6067EA-996D-4D96-B94D-2AA3CD0E3842}.Debug|Any CPU.ActiveCfg = Debug|Any CPU
		{4F6067EA-996D-4D96-B94D-2AA3CD0E3842}.Debug|Any CPU.Build.0 = Debug|Any CPU
		{4F6067EA-996D-4D96-B94D-2AA3CD0E3842}.Release|Any CPU.ActiveCfg = Release|Any CPU
		{4F6067EA-996D-4D96-B94D-2AA3CD0E3842}.Release|Any CPU.Build.0 = Release|Any CPU
		{495E80A6-71A6-4C5B-8ED1-EFC57F74E5FD}.Debug|Any CPU.ActiveCfg = Debug|Any CPU
		{495E80A6-71A6-4C5B-8ED1-EFC57F74E5FD}.Debug|Any CPU.Build.0 = Debug|Any CPU
		{495E80A6-71A6-4C5B-8ED1-EFC57F74E5FD}.Release|Any CPU.ActiveCfg = Release|Any CPU
		{495E80A6-71A6-4C5B-8ED1-EFC57F74E5FD}.Release|Any CPU.Build.0 = Release|Any CPU
		{2120AB9C-8D29-4512-9678-69C7DFF3BFCC}.Debug|Any CPU.ActiveCfg = Debug|Any CPU
		{2120AB9C-8D29-4512-9678-69C7DFF3BFCC}.Debug|Any CPU.Build.0 = Debug|Any CPU
		{2120AB9C-8D29-4512-9678-69C7DFF3BFCC}.Release|Any CPU.ActiveCfg = Release|Any CPU
		{2120AB9C-8D29-4512-9678-69C7DFF3BFCC}.Release|Any CPU.Build.0 = Release|Any CPU
	EndGlobalSection
	GlobalSection(SolutionProperties) = preSolution
		HideSolutionNode = FALSE
	EndGlobalSection
	GlobalSection(ExtensibilityGlobals) = postSolution
		SolutionGuid = {2F69035D-59B6-4552-B209-9B5296CD4904}
	EndGlobalSection
EndGlobal
